<?xml version="1.0" encoding="utf-8"?>
<Project ToolsVersion="4.0" xmlns="http://schemas.microsoft.com/developer/msbuild/2003">
  <ItemGroup>
    <Filter Include="소스 파일">
      <UniqueIdentifier>{4FC737F1-C7A5-4376-A066-2A32D752A2FF}</UniqueIdentifier>
      <Extensions>cpp;c;cc;cxx;def;odl;idl;hpj;bat;asm;asmx</Extensions>
    </Filter>
    <Filter Include="헤더 파일">
      <UniqueIdentifier>{93995380-89BD-4b04-88EB-625FBE52EBFB}</UniqueIdentifier>
      <Extensions>h;hh;hpp;hxx;hm;inl;inc;ipp;xsd</Extensions>
    </Filter>
    <Filter Include="리소스 파일">
      <UniqueIdentifier>{67DA6AB6-F800-4c08-8B7A-83BB121AAD01}</UniqueIdentifier>
      <Extensions>rc;ico;cur;bmp;dlg;rc2;rct;bin;rgs;gif;jpg;jpeg;jpe;resx;tiff;tif;png;wav;mfcribbon-ms</Extensions>
    </Filter>
    <Filter Include="소스 파일\view">
      <UniqueIdentifier>{20fb17ff-bb2c-406b-bbb4-ce9466837391}</UniqueIdentifier>
    </Filter>
    <Filter Include="소스 파일\logic">
      <UniqueIdentifier>{ca7e1188-936a-4d99-9b40-95774cf7c569}</UniqueIdentifier>
    </Filter>
    <Filter Include="소스 파일\game">
      <UniqueIdentifier>{c03d3651-832a-4f47-a2f4-2e8e418de55d}</UniqueIdentifier>
    </Filter>
  </ItemGroup>
  <ItemGroup>
    <ClCompile Include="main.c">
      <Filter>소스 파일</Filter>
    </ClCompile>
    <ClCompile Include="basic.c">
      <Filter>소스 파일</Filter>
    </ClCompile>
    <ClCompile Include="building_info.c">
      <Filter>소스 파일\logic</Filter>
    </ClCompile>
    <ClCompile Include="building_view.c">
      <Filter>소스 파일\view</Filter>
    </ClCompile>
    <ClCompile Include="floor_logic.c">
      <Filter>소스 파일\logic</Filter>
    </ClCompile>
    <ClCompile Include="floor_view.c">
      <Filter>소스 파일\view</Filter>
    </ClCompile>
    <ClCompile Include="game1.c">
      <Filter>소스 파일\game</Filter>
    </ClCompile>
    <ClCompile Include="game2.c">
      <Filter>소스 파일\game</Filter>
    </ClCompile>
    <ClCompile Include="game3.c">
      <Filter>소스 파일\game</Filter>
    </ClCompile>
    <ClCompile Include="game4.c">
      <Filter>소스 파일\game</Filter>
    </ClCompile>
    <ClCompile Include="make_building.c">
      <Filter>소스 파일\logic</Filter>
    </ClCompile>
    <ClCompile Include="start_view.c">
      <Filter>소스 파일\view</Filter>
    </ClCompile>
    <ClCompile Include="result_view.c">
      <Filter>소스 파일\view</Filter>
    </ClCompile>
    <ClCompile Include="event.c">
      <Filter>소스 파일</Filter>
    </ClCompile>
    <ClCompile Include="battle.c">
      <Filter>소스 파일</Filter>
    </ClCompile>
  </ItemGroup>
  <ItemGroup>
    <ClInclude Include="basic.h">
      <Filter>헤더 파일</Filter>
    </ClInclude>
    <ClInclude Include="function.h">
      <Filter>헤더 파일</Filter>
    </ClInclude>
    <ClInclude Include="struct.h">
      <Filter>헤더 파일</Filter>
    </ClInclude>
  </ItemGroup>
</Project>